// !$*UTF8*$!
{
	archiveVersion = 1;
	classes = {
	};
	objectVersion = 77;
	objects = {

/* Begin PBXBuildFile section */
		40FA13452FE4DB4B0016CC0D /* ATProtoKit in Frameworks */ = {isa = PBXBuildFile; productRef = 40FA13442FE4DB4B0016CC0D /* ATProtoKit */; };
		40FA134D2FE500000016CC0D /* OAuthenticator in Frameworks */ = {isa = PBXBuildFile; productRef = 40FA134C2FE500000016CC0D /* OAuthenticator */; };
		40FA13502FE500000016CC0D /* ATResolve in Frameworks */ = {isa = PBXBuildFile; productRef = 40FA134F2FE500000016CC0D /* ATResolve */; };
/* End PBXBuildFile section */

/* Begin PBXContainerItemProxy section */
		40FF21C82FE4CA3300B4A027 /* PBXContainerItemProxy */ = {
			isa = PBXContainerItemProxy;
			containerPortal = 40FF21AE2FE4CA3100B4A027 /* Project object */;
			proxyType = 1;
			remoteGlobalIDString = 40FF21B52FE4CA3100B4A027;
			remoteInfo = Inkwell;
		};
		40FF21D22FE4CA3300B4A027 /* PBXContainerItemProxy */ = {
			isa = PBXContainerItemProxy;
			containerPortal = 40FF21AE2FE4CA3100B4A027 /* Project object */;
			proxyType = 1;
			remoteGlobalIDString = 40FF21B52FE4CA3100B4A027;
			remoteInfo = Inkwell;
		};
/* End PBXContainerItemProxy section */

/* Begin PBXFileReference section */
		40FF21B62FE4CA3100B4A027 /* Inkwell.app */ = {isa = PBXFileReference; explicitFileType = wrapper.application; includeInIndex = 0; path = Inkwell.app; sourceTree = BUILT_PRODUCTS_DIR; };
		40FF21C72FE4CA3300B4A027 /* InkwellTests.xctest */ = {isa = PBXFileReference; explicitFileType = wrapper.cfbundle; includeInIndex = 0; path = InkwellTests.xctest; sourceTree = BUILT_PRODUCTS_DIR; };
		40FF21D12FE4CA3300B4A027 /* InkwellUITests.xctest */ = {isa = PBXFileReference; explicitFileType = wrapper.cfbundle; includeInIndex = 0; path = InkwellUITests.xctest; sourceTree = BUILT_PRODUCTS_DIR; };
/* End PBXFileReference section */

/* Begin PBXFileSystemSynchronizedBuildFileExceptionSet section */
		40FF21D92FE4CA3300B4A027 /* Exceptions for "Inkwell" folder in "Inkwell" target */ = {
			isa = PBXFileSystemSynchronizedBuildFileExceptionSet;
			membershipExceptions = (
				Info.plist,
			);
			target = 40FF21B52FE4CA3100B4A027 /* Inkwell */;
		};
/* End PBXFileSystemSynchronizedBuildFileExceptionSet section */

/* Begin PBXFileSystemSynchronizedRootGroup section */
		40FF21B82FE4CA3100B4A027 /* Inkwell */ = {
			isa = PBXFileSystemSynchronizedRootGroup;
			exceptions = (
				40FF21D92FE4CA3300B4A027 /* Exceptions for "Inkwell" folder in "Inkwell" target */,
			);
			path = Inkwell;
			sourceTree = "<group>";
		};
		40FF21CA2FE4CA3300B4A027 /* InkwellTests */ = {
			isa = PBXFileSystemSynchronizedRootGroup;
			path = InkwellTests;
			sourceTree = "<group>";
		};
		40FF21D42FE4CA3300B4A027 /* InkwellUITests */ = {
			isa = PBXFileSystemSynchronizedRootGroup;
			path = InkwellUITests;
			sourceTree = "<group>";
		};
/* End PBXFileSystemSynchronizedRootGroup section */

/* Begin PBXFrameworksBuildPhase section */
		40FF21B32FE4CA3100B4A027 /* Frameworks */ = {
			isa = PBXFrameworksBuildPhase;
			buildActionMask = 2147483647;
			files = (
				40FA13452FE4DB4B0016CC0D /* ATProtoKit in Frameworks */,
				40FA134D2FE500000016CC0D /* OAuthenticator in Frameworks */,
				40FA13502FE500000016CC0D /* ATResolve in Frameworks */,
			);
			runOnlyForDeploymentPostprocessing = 0;
		};
		40FF21C42FE4CA3300B4A027 /* Frameworks */ = {
			isa = PBXFrameworksBuildPhase;
			buildActionMask = 2147483647;
			files = (
			);
			runOnlyForDeploymentPostprocessing = 0;
		};
		40FF21CE2FE4CA3300B4A027 /* Frameworks */ = {
			isa = PBXFrameworksBuildPhase;
			buildActionMask = 2147483647;
			files = (
			);
			runOnlyForDeploymentPostprocessing = 0;
		};
/* End PBXFrameworksBuildPhase section */

/* Begin PBXGroup section */
		40FF21AD2FE4CA3100B4A027 = {
			isa = PBXGroup;
			children = (
				40FF21B82FE4CA3100B4A027 /* Inkwell */,
				40FF21CA2FE4CA3300B4A027 /* InkwellTests */,
				40FF21D42FE4CA3300B4A027 /* InkwellUITests */,
				40FF21B72FE4CA3100B4A027 /* Products */,
			);
			sourceTree = "<group>";
		};
		40FF21B72FE4CA3100B4A027 /* Products */ = {
			isa = PBXGroup;
			children = (
				40FF21B62FE4CA3100B4A027 /* Inkwell.app */,
				40FF21C72FE4CA3300B4A027 /* InkwellTests.xctest */,
				40FF21D12FE4CA3300B4A027 /* InkwellUITests.xctest */,
			);
			name = Products;
			sourceTree = "<group>";
		};
/* End PBXGroup section */

/* Begin PBXNativeTarget section */
		40FF21B52FE4CA3100B4A027 /* Inkwell */ = {
			isa = PBXNativeTarget;
			buildConfigurationList = 40FF21DA2FE4CA3300B4A027 /* Build configuration list for PBXNativeTarget "Inkwell" */;
			buildPhases = (
				40FF21B22FE4CA3100B4A027 /* Sources */,
				40FF21B32FE4CA3100B4A027 /* Frameworks */,
				40FF21B42FE4CA3100B4A027 /* Resources */,
			);
			buildRules = (
			);
			dependencies = (
			);
			fileSystemSynchronizedGroups = (
				40FF21B82FE4CA3100B4A027 /* Inkwell */,
			);
			name = Inkwell;
			packageProductDependencies = (
				40FA13442FE4DB4B0016CC0D /* ATProtoKit */,
				40FA134C2FE500000016CC0D /* OAuthenticator */,
				40FA134F2FE500000016CC0D /* ATResolve */,
			);
			productName = Inkwell;
			productReference = 40FF21B62FE4CA3100B4A027 /* Inkwell.app */;
			productType = "com.apple.product-type.application";
		};
		40FF21C62FE4CA3300B4A027 /* InkwellTests */ = {
			isa = PBXNativeTarget;
			buildConfigurationList = 40FF21DF2FE4CA3300B4A027 /* Build configuration list for PBXNativeTarget "InkwellTests" */;
			buildPhases = (
				40FF21C32FE4CA3300B4A027 /* Sources */,
				40FF21C42FE4CA3300B4A027 /* Frameworks */,
				40FF21C52FE4CA3300B4A027 /* Resources */,
			);
			buildRules = (
			);
			dependencies = (
				40FF21C92FE4CA3300B4A027 /* PBXTargetDependency */,
			);
			fileSystemSynchronizedGroups = (
				40FF21CA2FE4CA3300B4A027 /* InkwellTests */,
			);
			name = InkwellTests;
			packageProductDependencies = (
			);
			productName = InkwellTests;
			productReference = 40FF21C72FE4CA3300B4A027 /* InkwellTests.xctest */;
			productType = "com.apple.product-type.bundle.unit-test";
		};
		40FF21D02FE4CA3300B4A027 /* InkwellUITests */ = {
			isa = PBXNativeTarget;
			buildConfigurationList = 40FF21E22FE4CA3300B4A027 /* Build configuration list for PBXNativeTarget "InkwellUITests" */;
			buildPhases = (
				40FF21CD2FE4CA3300B4A027 /* Sources */,
				40FF21CE2FE4CA3300B4A027 /* Frameworks */,
				40FF21CF2FE4CA3300B4A027 /* Resources */,
			);
			buildRules = (
			);
			dependencies = (
				40FF21D32FE4CA3300B4A027 /* PBXTargetDependency */,
			);
			fileSystemSynchronizedGroups = (
				40FF21D42FE4CA3300B4A027 /* InkwellUITests */,
			);
			name = InkwellUITests;
			packageProductDependencies = (
			);
			productName = InkwellUITests;
			productReference = 40FF21D12FE4CA3300B4A027 /* InkwellUITests.xctest */;
			productType = "com.apple.product-type.bundle.ui-testing";
		};
/* End PBXNativeTarget section */

/* Begin PBXProject section */
		40FF21AE2FE4CA3100B4A027 /* Project object */ = {
			isa = PBXProject;
			attributes = {
				BuildIndependentTargetsInParallel = 1;
				LastSwiftUpdateCheck = 2650;
				LastUpgradeCheck = 2650;
				TargetAttributes = {
					40FF21B52FE4CA3100B4A027 = {
						CreatedOnToolsVersion = 26.5;
					};
					40FF21C62FE4CA3300B4A027 = {
						CreatedOnToolsVersion = 26.5;
						TestTargetID = 40FF21B52FE4CA3100B4A027;
					};
					40FF21D02FE4CA3300B4A027 = {
						CreatedOnToolsVersion = 26.5;
						TestTargetID = 40FF21B52FE4CA3100B4A027;
					};
				};
			};
			buildConfigurationList = 40FF21B12FE4CA3100B4A027 /* Build configuration list for PBXProject "Inkwell" */;
			developmentRegion = en;
			hasScannedForEncodings = 0;
			knownRegions = (
				en,
				Base,
			);
			mainGroup = 40FF21AD2FE4CA3100B4A027;
			minimizedProjectReferenceProxies = 1;
			packageReferences = (
				40FA13432FE4DB4B0016CC0D /* XCRemoteSwiftPackageReference "ATProtoKit" */,
				40FA134B2FE500000016CC0D /* XCRemoteSwiftPackageReference "OAuthenticator" */,
				40FA134E2FE500000016CC0D /* XCRemoteSwiftPackageReference "ATResolve" */,
			);
			preferredProjectObjectVersion = 77;
			productRefGroup = 40FF21B72FE4CA3100B4A027 /* Products */;
			projectDirPath = "";
			projectRoot = "";
			targets = (
				40FF21B52FE4CA3100B4A027 /* Inkwell */,
				40FF21C62FE4CA3300B4A027 /* InkwellTests */,
				40FF21D02FE4CA3300B4A027 /* InkwellUITests */,
			);
		};
/* End PBXProject section */

/* Begin PBXResourcesBuildPhase section */
		40FF21B42FE4CA3100B4A027 /* Resources */ = {
			isa = PBXResourcesBuildPhase;
			buildActionMask = 2147483647;
			files = (
			);
			runOnlyForDeploymentPostprocessing = 0;
		};
		40FF21C52FE4CA3300B4A027 /* Resources */ = {
			isa = PBXResourcesBuildPhase;
			buildActionMask = 2147483647;
			files = (
			);
			runOnlyForDeploymentPostprocessing = 0;
		};
		40FF21CF2FE4CA3300B4A027 /* Resources */ = {
			isa = PBXResourcesBuildPhase;
			buildActionMask = 2147483647;
			files = (
			);
			runOnlyForDeploymentPostprocessing = 0;
		};
/* End PBXResourcesBuildPhase section */

/* Begin PBXSourcesBuildPhase section */
		40FF21B22FE4CA3100B4A027 /* Sources */ = {
			isa = PBXSourcesBuildPhase;
			buildActionMask = 2147483647;
			files = (
			);
			runOnlyForDeploymentPostprocessing = 0;
		};
		40FF21C32FE4CA3300B4A027 /* Sources */ = {
			isa = PBXSourcesBuildPhase;
			buildActionMask = 2147483647;
			files = (
			);
			runOnlyForDeploymentPostprocessing = 0;
		};
		40FF21CD2FE4CA3300B4A027 /* Sources */ = {
			isa = PBXSourcesBuildPhase;
			buildActionMask = 2147483647;
			files = (
			);
			runOnlyForDeploymentPostprocessing = 0;
		};
/* End PBXSourcesBuildPhase section */

/* Begin PBXTargetDependency section */
		40FF21C92FE4CA3300B4A027 /* PBXTargetDependency */ = {
			isa = PBXTargetDependency;
			target = 40FF21B52FE4CA3100B4A027 /* Inkwell */;
			targetProxy = 40FF21C82FE4CA3300B4A027 /* PBXContainerItemProxy */;
		};
		40FF21D32FE4CA3300B4A027 /* PBXTargetDependency */ = {
			isa = PBXTargetDependency;
			target = 40FF21B52FE4CA3100B4A027 /* Inkwell */;
			targetProxy = 40FF21D22FE4CA3300B4A027 /* PBXContainerItemProxy */;
		};
/* End PBXTargetDependency section */

/* Begin XCBuildConfiguration section */
		40FF21DB2FE4CA3300B4A027 /* Debug */ = {
			isa = XCBuildConfiguration;
			buildSettings = {
				ASSETCATALOG_COMPILER_APPICON_NAME = Inkwell;
				ASSETCATALOG_COMPILER_GLOBAL_ACCENT_COLOR_NAME = AccentColor;
				CODE_SIGN_ENTITLEMENTS = Inkwell/Inkwell.entitlements;
				CODE_SIGN_STYLE = Automatic;
				CURRENT_PROJECT_VERSION = 35;
				ENABLE_PREVIEWS = YES;
				GENERATE_INFOPLIST_FILE = YES;
				INFOPLIST_FILE = Inkwell/Info.plist;
				INFOPLIST_KEY_CFBundleDisplayName = Inkwell;
				INFOPLIST_KEY_LSApplicationCategoryType = "public.app-category.social-networking";
				INFOPLIST_KEY_UIApplicationSceneManifest_Generation = YES;
				INFOPLIST_KEY_UIApplicationSupportsIndirectInputEvents = YES;
				INFOPLIST_KEY_UILaunchScreen_Generation = YES;
				INFOPLIST_KEY_UISupportedInterfaceOrientations = UIInterfaceOrientationPortrait;
				IPHONEOS_DEPLOYMENT_TARGET = 26.0;
				LD_RUNPATH_SEARCH_PATHS = (
					"$(inherited)",
					"@executable_path/Frameworks",
				);
				MARKETING_VERSION = 1.0;
				PRODUCT_BUNDLE_IDENTIFIER = uk.ewancroft.Inkwell;
				PRODUCT_NAME = "$(TARGET_NAME)";
				STRING_CATALOG_GENERATE_SYMBOLS = YES;
				SUPPORTED_PLATFORMS = "iphoneos iphonesimulator";
				SUPPORTS_MACCATALYST = NO;
				SUPPORTS_MAC_DESIGNED_FOR_IPHONE_IPAD = NO;
				SUPPORTS_XR_DESIGNED_FOR_IPHONE_IPAD = NO;
				SWIFT_APPROACHABLE_CONCURRENCY = YES;
				SWIFT_DEFAULT_ACTOR_ISOLATION = MainActor;
				SWIFT_EMIT_LOC_STRINGS = YES;
				SWIFT_UPCOMING_FEATURE_MEMBER_IMPORT_VISIBILITY = YES;
				SWIFT_VERSION = 5.0;
				TARGETED_DEVICE_FAMILY = "1,2";
			};
			name = Debug;
		};
		40FF21DC2FE4CA3300B4A027 /* Release */ = {
			isa = XCBuildConfiguration;
			buildSettings = {
				ASSETCATALOG_COMPILER_APPICON_NAME = Inkwell;
				ASSETCATALOG_COMPILER_GLOBAL_ACCENT_COLOR_NAME = AccentColor;
				CODE_SIGN_ENTITLEMENTS = Inkwell/Inkwell.entitlements;
				CODE_SIGN_STYLE = Automatic;
				CURRENT_PROJECT_VERSION = 35;
				ENABLE_PREVIEWS = YES;
				GENERATE_INFOPLIST_FILE = YES;
				INFOPLIST_FILE = Inkwell/Info.plist;
				INFOPLIST_KEY_CFBundleDisplayName = Inkwell;
				INFOPLIST_KEY_LSApplicationCategoryType = "public.app-category.social-networking";
				INFOPLIST_KEY_UIApplicationSceneManifest_Generation = YES;
				INFOPLIST_KEY_UIApplicationSupportsIndirectInputEvents = YES;
				INFOPLIST_KEY_UILaunchScreen_Generation = YES;
				INFOPLIST_KEY_UISupportedInterfaceOrientations = UIInterfaceOrientationPortrait;
				IPHONEOS_DEPLOYMENT_TARGET = 26.0;
				LD_RUNPATH_SEARCH_PATHS = (
					"$(inherited)",
					"@executable_path/Frameworks",
				);
				MARKETING_VERSION = 1.0;
				PRODUCT_BUNDLE_IDENTIFIER = uk.ewancroft.Inkwell;
				PRODUCT_NAME = "$(TARGET_NAME)";
				STRING_CATALOG_GENERATE_SYMBOLS = YES;
				SUPPORTED_PLATFORMS = "iphoneos iphonesimulator";
				SUPPORTS_MACCATALYST = NO;
				SUPPORTS_MAC_DESIGNED_FOR_IPHONE_IPAD = NO;
				SUPPORTS_XR_DESIGNED_FOR_IPHONE_IPAD = NO;
				SWIFT_APPROACHABLE_CONCURRENCY = YES;
				SWIFT_DEFAULT_ACTOR_ISOLATION = MainActor;
				SWIFT_EMIT_LOC_STRINGS = YES;
				SWIFT_UPCOMING_FEATURE_MEMBER_IMPORT_VISIBILITY = YES;
				SWIFT_VERSION = 5.0;
				TARGETED_DEVICE_FAMILY = "1,2";
			};
			name = Release;
		};
		40FF21DD2FE4CA3300B4A027 /* Debug */ = {
			isa = XCBuildConfiguration;
			buildSettings = {
				ALWAYS_SEARCH_USER_PATHS = NO;
				ASSETCATALOG_COMPILER_GENERATE_SWIFT_ASSET_SYMBOL_EXTENSIONS = YES;
				CLANG_ANALYZER_NONNULL = YES;
				CLANG_ANALYZER_NUMBER_OBJECT_CONVERSION = YES_AGGRESSIVE;
				CLANG_CXX_LANGUAGE_STANDARD = "gnu++20";
				CLANG_ENABLE_MODULES = YES;
				CLANG_ENABLE_OBJC_ARC = YES;
				CLANG_ENABLE_OBJC_WEAK = YES;
				CLANG_WARN_BLOCK_CAPTURE_AUTORELEASING = YES;
				CLANG_WARN_BOOL_CONVERSION = YES;
				CLANG_WARN_COMMA = YES;
				CLANG_WARN_CONSTANT_CONVERSION = YES;
				CLANG_WARN_DEPRECATED_OBJC_IMPLEMENTATIONS = YES;
				CLANG_WARN_DIRECT_OBJC_ISA_USAGE = YES_ERROR;
				CLANG_WARN_DOCUMENTATION_COMMENTS = YES;
				CLANG_WARN_EMPTY_BODY = YES;
				CLANG_WARN_ENUM_CONVERSION = YES;
				CLANG_WARN_INFINITE_RECURSION = YES;
				CLANG_WARN_INT_CONVERSION = YES;
				CLANG_WARN_NON_LITERAL_NULL_CONVERSION = YES;
				CLANG_WARN_OBJC_IMPLICIT_RETAIN_SELF = YES;
				CLANG_WARN_OBJC_LITERAL_CONVERSION = YES;
				CLANG_WARN_OBJC_ROOT_CLASS = YES_ERROR;
				CLANG_WARN_QUOTED_INCLUDE_IN_FRAMEWORK_HEADER = YES;
				CLANG_WARN_RANGE_LOOP_ANALYSIS = YES;
				CLANG_WARN_STRICT_PROTOTYPES = YES;
				CLANG_WARN_SUSPICIOUS_MOVE = YES;
				CLANG_WARN_UNGUARDED_AVAILABILITY = YES_AGGRESSIVE;
				CLANG_WARN_UNREACHABLE_CODE = YES;
				CLANG_WARN__DUPLICATE_METHOD_MATCH = YES;
				COPY_PHASE_STRIP = NO;
				DEBUG_INFORMATION_FORMAT = dwarf;
				ENABLE_STRICT_OBJC_MSGSEND = YES;
				ENABLE_TESTABILITY = YES;
				ENABLE_USER_SCRIPT_SANDBOXING = YES;
				GCC_C_LANGUAGE_STANDARD = gnu17;
				GCC_DYNAMIC_NO_PIC = NO;
				GCC_NO_COMMON_BLOCKS = YES;
				GCC_OPTIMIZATION_LEVEL = 0;
				GCC_PREPROCESSOR_DEFINITIONS = (
					"DEBUG=1",
					"$(inherited)",
				);
				GCC_WARN_64_TO_32_BIT_CONVERSION = YES;
				GCC_WARN_ABOUT_RETURN_TYPE = YES_ERROR;
				GCC_WARN_UNDECLARED_SELECTOR = YES;
				GCC_WARN_UNINITIALIZED_AUTOS = YES_AGGRESSIVE;
				GCC_WARN_UNUSED_FUNCTION = YES;
				GCC_WARN_UNUSED_VARIABLE = YES;
				IPHONEOS_DEPLOYMENT_TARGET = 26.5;
				LOCALIZATION_PREFERS_STRING_CATALOGS = YES;
				MTL_ENABLE_DEBUG_INFO = INCLUDE_SOURCE;
				MTL_FAST_MATH = YES;
				ONLY_ACTIVE_ARCH = YES;
				SDKROOT = iphoneos;
				SWIFT_ACTIVE_COMPILATION_CONDITIONS = "DEBUG $(inherited)";
				SWIFT_OPTIMIZATION_LEVEL = "-Onone";
			};
			name = Debug;
		};
		40FF21DE2FE4CA3300B4A027 /* Release */ = {
			isa = XCBuildConfiguration;
			buildSettings = {
				ALWAYS_SEARCH_USER_PATHS = NO;
				ASSETCATALOG_COMPILER_GENERATE_SWIFT_ASSET_SYMBOL_EXTENSIONS = YES;
				CLANG_ANALYZER_NONNULL = YES;
				CLANG_ANALYZER_NUMBER_OBJECT_CONVERSION = YES_AGGRESSIVE;
				CLANG_CXX_LANGUAGE_STANDARD = "gnu++20";
				CLANG_ENABLE_MODULES = YES;
				CLANG_ENABLE_OBJC_ARC = YES;
				CLANG_ENABLE_OBJC_WEAK = YES;
				CLANG_WARN_BLOCK_CAPTURE_AUTORELEASING = YES;
				CLANG_WARN_BOOL_CONVERSION = YES;
				CLANG_WARN_COMMA = YES;
				CLANG_WARN_CONSTANT_CONVERSION = YES;
				CLANG_WARN_DEPRECATED_OBJC_IMPLEMENTATIONS = YES;
				CLANG_WARN_DIRECT_OBJC_ISA_USAGE = YES_ERROR;
				CLANG_WARN_DOCUMENTATION_COMMENTS = YES;
				CLANG_WARN_EMPTY_BODY = YES;
				CLANG_WARN_ENUM_CONVERSION = YES;
				CLANG_WARN_INFINITE_RECURSION = YES;
				CLANG_WARN_INT_CONVERSION = YES;
				CLANG_WARN_NON_LITERAL_NULL_CONVERSION = YES;
				CLANG_WARN_OBJC_IMPLICIT_RETAIN_SELF = YES;
				CLANG_WARN_OBJC_LITERAL_CONVERSION = YES;
				CLANG_WARN_OBJC_ROOT_CLASS = YES_ERROR;
				CLANG_WARN_QUOTED_INCLUDE_IN_FRAMEWORK_HEADER = YES;
				CLANG_WARN_RANGE_LOOP_ANALYSIS = YES;
				CLANG_WARN_STRICT_PROTOTYPES = YES;
				CLANG_WARN_SUSPICIOUS_MOVE = YES;
				CLANG_WARN_UNGUARDED_AVAILABILITY = YES_AGGRESSIVE;
				CLANG_WARN_UNREACHABLE_CODE = YES;
				CLANG_WARN__DUPLICATE_METHOD_MATCH = YES;
				COPY_PHASE_STRIP = NO;
				DEBUG_INFORMATION_FORMAT = "dwarf-with-dsym";
				ENABLE_NS_ASSERTIONS = NO;
				ENABLE_STRICT_OBJC_MSGSEND = YES;
				ENABLE_USER_SCRIPT_SANDBOXING = YES;
				GCC_C_LANGUAGE_STANDARD = gnu17;
				GCC_NO_COMMON_BLOCKS = YES;
				GCC_WARN_64_TO_32_BIT_CONVERSION = YES;
				GCC_WARN_ABOUT_RETURN_TYPE = YES_ERROR;
				GCC_WARN_UNDECLARED_SELECTOR = YES;
				GCC_WARN_UNINITIALIZED_AUTOS = YES_AGGRESSIVE;
				GCC_WARN_UNUSED_FUNCTION = YES;
				GCC_WARN_UNUSED_VARIABLE = YES;
				IPHONEOS_DEPLOYMENT_TARGET = 26.5;
				LOCALIZATION_PREFERS_STRING_CATALOGS = YES;
				MTL_ENABLE_DEBUG_INFO = NO;
				MTL_FAST_MATH = YES;
				SDKROOT = iphoneos;
				SWIFT_COMPILATION_MODE = wholemodule;
				VALIDATE_PRODUCT = YES;
			};
			name = Release;
		};
		40FF21E02FE4CA3300B4A027 /* Debug */ = {
			isa = XCBuildConfiguration;
			buildSettings = {
				BUNDLE_LOADER = "$(TEST_HOST)";
				CODE_SIGN_STYLE = Automatic;
				CURRENT_PROJECT_VERSION = 1;
				GENERATE_INFOPLIST_FILE = YES;
				IPHONEOS_DEPLOYMENT_TARGET = 26.5;
				MARKETING_VERSION = 1.0;
				PRODUCT_BUNDLE_IDENTIFIER = uk.ewancroft.InkwellTests;
				PRODUCT_NAME = "$(TARGET_NAME)";
				STRING_CATALOG_GENERATE_SYMBOLS = NO;
				SWIFT_APPROACHABLE_CONCURRENCY = YES;
				SWIFT_EMIT_LOC_STRINGS = NO;
				SWIFT_UPCOMING_FEATURE_MEMBER_IMPORT_VISIBILITY = YES;
				SWIFT_VERSION = 5.0;
				TARGETED_DEVICE_FAMILY = "1,2";
				TEST_HOST = "$(BUILT_PRODUCTS_DIR)/Inkwell.app/$(BUNDLE_EXECUTABLE_FOLDER_PATH)/Inkwell";
			};
			name = Debug;
		};
		40FF21E12FE4CA3300B4A027 /* Release */ = {
			isa = XCBuildConfiguration;
			buildSettings = {
				BUNDLE_LOADER = "$(TEST_HOST)";
				CODE_SIGN_STYLE = Automatic;
				CURRENT_PROJECT_VERSION = 1;
				GENERATE_INFOPLIST_FILE = YES;
				IPHONEOS_DEPLOYMENT_TARGET = 26.5;
				MARKETING_VERSION = 1.0;
				PRODUCT_BUNDLE_IDENTIFIER = uk.ewancroft.InkwellTests;
				PRODUCT_NAME = "$(TARGET_NAME)";
				STRING_CATALOG_GENERATE_SYMBOLS = NO;
				SWIFT_APPROACHABLE_CONCURRENCY = YES;
				SWIFT_EMIT_LOC_STRINGS = NO;
				SWIFT_UPCOMING_FEATURE_MEMBER_IMPORT_VISIBILITY = YES;
				SWIFT_VERSION = 5.0;
				TARGETED_DEVICE_FAMILY = "1,2";
				TEST_HOST = "$(BUILT_PRODUCTS_DIR)/Inkwell.app/$(BUNDLE_EXECUTABLE_FOLDER_PATH)/Inkwell";
			};
			name = Release;
		};
		40FF21E32FE4CA3300B4A027 /* Debug */ = {
			isa = XCBuildConfiguration;
			buildSettings = {
				CODE_SIGN_STYLE = Automatic;
				CURRENT_PROJECT_VERSION = 1;
				GENERATE_INFOPLIST_FILE = YES;
				MARKETING_VERSION = 1.0;
				PRODUCT_BUNDLE_IDENTIFIER = uk.ewancroft.InkwellUITests;
				PRODUCT_NAME = "$(TARGET_NAME)";
				STRING_CATALOG_GENERATE_SYMBOLS = NO;
				SWIFT_APPROACHABLE_CONCURRENCY = YES;
				SWIFT_EMIT_LOC_STRINGS = NO;
				SWIFT_UPCOMING_FEATURE_MEMBER_IMPORT_VISIBILITY = YES;
				SWIFT_VERSION = 5.0;
				TARGETED_DEVICE_FAMILY = "1,2";
				TEST_TARGET_NAME = Inkwell;
			};
			name = Debug;
		};
		40FF21E42FE4CA3300B4A027 /* Release */ = {
			isa = XCBuildConfiguration;
			buildSettings = {
				CODE_SIGN_STYLE = Automatic;
				CURRENT_PROJECT_VERSION = 1;
				GENERATE_INFOPLIST_FILE = YES;
				MARKETING_VERSION = 1.0;
				PRODUCT_BUNDLE_IDENTIFIER = uk.ewancroft.InkwellUITests;
				PRODUCT_NAME = "$(TARGET_NAME)";
				STRING_CATALOG_GENERATE_SYMBOLS = NO;
				SWIFT_APPROACHABLE_CONCURRENCY = YES;
				SWIFT_EMIT_LOC_STRINGS = NO;
				SWIFT_UPCOMING_FEATURE_MEMBER_IMPORT_VISIBILITY = YES;
				SWIFT_VERSION = 5.0;
				TARGETED_DEVICE_FAMILY = "1,2";
				TEST_TARGET_NAME = Inkwell;
			};
			name = Release;
		};
/* End XCBuildConfiguration section */

/* Begin XCConfigurationList section */
		40FF21B12FE4CA3100B4A027 /* Build configuration list for PBXProject "Inkwell" */ = {
			isa = XCConfigurationList;
			buildConfigurations = (
				40FF21DD2FE4CA3300B4A027 /* Debug */,
				40FF21DE2FE4CA3300B4A027 /* Release */,
			);
			defaultConfigurationIsVisible = 0;
			defaultConfigurationName = Release;
		};
		40FF21DA2FE4CA3300B4A027 /* Build configuration list for PBXNativeTarget "Inkwell" */ = {
			isa = XCConfigurationList;
			buildConfigurations = (
				40FF21DB2FE4CA3300B4A027 /* Debug */,
				40FF21DC2FE4CA3300B4A027 /* Release */,
			);
			defaultConfigurationIsVisible = 0;
			defaultConfigurationName = Release;
		};
		40FF21DF2FE4CA3300B4A027 /* Build configuration list for PBXNativeTarget "InkwellTests" */ = {
			isa = XCConfigurationList;
			buildConfigurations = (
				40FF21E02FE4CA3300B4A027 /* Debug */,
				40FF21E12FE4CA3300B4A027 /* Release */,
			);
			defaultConfigurationIsVisible = 0;
			defaultConfigurationName = Release;
		};
		40FF21E22FE4CA3300B4A027 /* Build configuration list for PBXNativeTarget "InkwellUITests" */ = {
			isa = XCConfigurationList;
			buildConfigurations = (
				40FF21E32FE4CA3300B4A027 /* Debug */,
				40FF21E42FE4CA3300B4A027 /* Release */,
			);
			defaultConfigurationIsVisible = 0;
			defaultConfigurationName = Release;
		};
/* End XCConfigurationList section */

/* Begin XCRemoteSwiftPackageReference section */
		40FA13432FE4DB4B0016CC0D /* XCRemoteSwiftPackageReference "ATProtoKit" */ = {
			isa = XCRemoteSwiftPackageReference;
			repositoryURL = "https://github.com/MasterJ93/ATProtoKit.git";
			requirement = {
				kind = upToNextMajorVersion;
				minimumVersion = 0.32.5;
			};
		};
		40FA134B2FE500000016CC0D /* XCRemoteSwiftPackageReference "OAuthenticator" */ = {
			isa = XCRemoteSwiftPackageReference;
			repositoryURL = "https://github.com/germ-network/OAuthenticator.git";
			requirement = {
				branch = main;
				kind = branch;
			};
		};
		40FA134E2FE500000016CC0D /* XCRemoteSwiftPackageReference "ATResolve" */ = {
			isa = XCRemoteSwiftPackageReference;
			repositoryURL = "https://github.com/germ-network/ATResolve.git";
			requirement = {
				kind = upToNextMajorVersion;
				minimumVersion = 1.1.1;
			};
		};
/* End XCRemoteSwiftPackageReference section */

/* Begin XCSwiftPackageProductDependency section */
		40FA13442FE4DB4B0016CC0D /* ATProtoKit */ = {
			isa = XCSwiftPackageProductDependency;
			package = 40FA13432FE4DB4B0016CC0D /* XCRemoteSwiftPackageReference "ATProtoKit" */;
			productName = ATProtoKit;
		};
		40FA134C2FE500000016CC0D /* OAuthenticator */ = {
			isa = XCSwiftPackageProductDependency;
			package = 40FA134B2FE500000016CC0D /* XCRemoteSwiftPackageReference "OAuthenticator" */;
			productName = OAuthenticator;
		};
		40FA134F2FE500000016CC0D /* ATResolve */ = {
			isa = XCSwiftPackageProductDependency;
			package = 40FA134E2FE500000016CC0D /* XCRemoteSwiftPackageReference "ATResolve" */;
			productName = ATResolve;
		};
/* End XCSwiftPackageProductDependency section */
	};
	rootObject = 40FF21AE2FE4CA3100B4A027 /* Project object */;
}
